{
  "name": "utoopack-ecosystem-ci",
  "version": "0.1.0",
  "lockfileVersion": 3,
  "requires": true,
  "packages": {
    "": {
      "name": "utoopack-ecosystem-ci",
      "version": "0.1.0",
      "devDependencies": {
        "@utoo/lint": "0.2.2"
      },
      "engines": {
        "node": ">=22"
      }
    },
    "node_modules/@utoo/lint": {
      "name": "@utoo/lint",
      "version": "0.2.2",
      "resolved": "https://registry.npmjs.org/@utoo/lint/-/lint-0.2.2.tgz",
      "integrity": "sha512-SO3QnDI5XfOw8rUQNgvcmEX4ZAMlsaA9NwcYUCLctWhXoz3j/cFFyesg1gM4wvcD/XJXoQSkxg/Kjo7lWGYRDw==",
      "dependencies": {
        "jiti": "2.7.0"
      },
      "optionalDependencies": {
        "@utoo/lint-darwin-arm64": "0.2.2",
        "@utoo/lint-darwin-x64": "0.2.2",
        "@utoo/lint-linux-arm64": "0.2.2",
        "@utoo/lint-linux-x64": "0.2.2",
        "@utoo/lint-win32-x64": "0.2.2"
      },
      "bin": {
        "eslint": "bin/eslint.js",
        "fishlint": "bin/fishlint.js",
        "fishlint-lint-staged": "bin/fishlint-lint-staged.js",
        "utoo-lint": "bin/utoo-lint.js"
      },
      "engines": {
        "node": ">=18.0.0"
      },
      "dev": true
    },
    "node_modules/@utoo/lint/node_modules/@utoo/lint-darwin-arm64": {
      "name": "@utoo/lint-darwin-arm64",
      "version": "0.2.2",
      "resolved": "https://registry.npmjs.org/@utoo/lint-darwin-arm64/-/lint-darwin-arm64-0.2.2.tgz",
      "integrity": "sha512-AH097nhSw8oxm4xXSpc2AqiCxs8ZTv7AQbankh6hD+EDTEh+RKdqjS6v3LliuVWBFAVyAMlKDg4Jsd8J3R/3HQ==",
      "os": [
        "darwin"
      ],
      "cpu": [
        "arm64"
      ],
      "dev": true,
      "optional": true
    },
    "node_modules/@utoo/lint/node_modules/@utoo/lint-darwin-x64": {
      "name": "@utoo/lint-darwin-x64",
      "version": "0.2.2",
      "resolved": "https://registry.npmjs.org/@utoo/lint-darwin-x64/-/lint-darwin-x64-0.2.2.tgz",
      "integrity": "sha512-tazebaq1ggyk51EO9TI5vak9pVBEzlgg4ZZ0b0p02nV7ZQQD//7LRhaqxEnYBE6drFFMjJqSMigG/x7v7eifBg==",
      "os": [
        "darwin"
      ],
      "cpu": [
        "x64"
      ],
      "dev": true,
      "optional": true
    },
    "node_modules/@utoo/lint/node_modules/@utoo/lint-linux-arm64": {
      "name": "@utoo/lint-linux-arm64",
      "version": "0.2.2",
      "resolved": "https://registry.npmjs.org/@utoo/lint-linux-arm64/-/lint-linux-arm64-0.2.2.tgz",
      "integrity": "sha512-bY5LzqEPwvein/2i21ffe2NlB+poTKKShnXAIUr6ym79YC5mJHWlG7iH+DzxkJLPJZ+xK2L3Q1+BmXCueEZxjw==",
      "os": [
        "linux"
      ],
      "cpu": [
        "arm64"
      ],
      "dev": true,
      "optional": true
    },
    "node_modules/@utoo/lint/node_modules/@utoo/lint-linux-x64": {
      "name": "@utoo/lint-linux-x64",
      "version": "0.2.2",
      "resolved": "https://registry.npmjs.org/@utoo/lint-linux-x64/-/lint-linux-x64-0.2.2.tgz",
      "integrity": "sha512-bWJ0ClsoUdYEl1yZtpgUJqbhgcwQlWisCLFSxhmmAGWe9+P9vba36yZOyACIw9E3fN4pghUTX6bswueExEHBKg==",
      "os": [
        "linux"
      ],
      "cpu": [
        "x64"
      ],
      "dev": true,
      "optional": true
    },
    "node_modules/@utoo/lint/node_modules/@utoo/lint-win32-x64": {
      "name": "@utoo/lint-win32-x64",
      "version": "0.2.2",
      "resolved": "https://registry.npmjs.org/@utoo/lint-win32-x64/-/lint-win32-x64-0.2.2.tgz",
      "integrity": "sha512-XMZdPHCweOH8D+rj+x5lYmV/lybNDlX5hJ5NWvfhDZuGm9KxiwrVTWUAW0u6LUYWkS1dGDFyPBBUgozX2tn3Hg==",
      "os": [
        "win32"
      ],
      "cpu": [
        "x64"
      ],
      "dev": true,
      "optional": true
    },
    "node_modules/jiti": {
      "name": "jiti",
      "version": "2.7.0",
      "resolved": "https://registry.npmjs.org/jiti/-/jiti-2.7.0.tgz",
      "integrity": "sha512-AC/7JofJvZGrrneWNaEnJeOLUx+JlGt7tNa0wZiRPT4MY1wmfKjt2+6O2p2uz2+skll8OZZmJMNqeke7kKbNgQ==",
      "bin": {
        "jiti": "lib/jiti-cli.mjs"
      },
      "dev": true
    }
  }
}
