{
  "name": "utoopack-ecosystem-ci",
  "version": "0.1.0",
  "lockfileVersion": 3,
  "requires": true,
  "packages": {
    "": {
      "name": "utoopack-ecosystem-ci",
      "version": "0.1.0",
      "devDependencies": {
        "@utoo/lint": "0.2.1"
      },
      "engines": {
        "node": ">=22"
      }
    },
    "node_modules/@utoo/lint": {
      "name": "@utoo/lint",
      "version": "0.2.1",
      "resolved": "https://registry.npmjs.org/@utoo/lint/-/lint-0.2.1.tgz",
      "integrity": "sha512-/k0jCJY7FzjliTBFNyfIATolQgEfRTe47nYBluKB9t+Yv+olqlx9yot2o6eu/j8lhZpfvR/jekixW7QfrVX/Eg==",
      "optionalDependencies": {
        "@utoo/lint-darwin-arm64": "0.2.1",
        "@utoo/lint-darwin-x64": "0.2.1",
        "@utoo/lint-linux-arm64": "0.2.1",
        "@utoo/lint-linux-x64": "0.2.1",
        "@utoo/lint-win32-x64": "0.2.1"
      },
      "bin": {
        "eslint": "bin/eslint.js",
        "fishlint": "bin/fishlint.js",
        "fishlint-lint-staged": "bin/fishlint-lint-staged.js",
        "utoo-lint": "bin/utoo-lint.js"
      },
      "dev": true
    },
    "node_modules/@utoo/lint-darwin-arm64": {
      "name": "@utoo/lint-darwin-arm64",
      "version": "0.2.1",
      "resolved": "https://registry.npmjs.org/@utoo/lint-darwin-arm64/-/lint-darwin-arm64-0.2.1.tgz",
      "integrity": "sha512-S2lqnM41GmiDI/iN4ZxC51II0tJeh65wGq/KYnIyxn9Nb8Y37bBKLpNJgJJsIJltqRSEDAwI55u0BWJo0SQyHg==",
      "os": [
        "darwin"
      ],
      "cpu": [
        "arm64"
      ],
      "dev": true,
      "optional": true
    },
    "node_modules/@utoo/lint-darwin-x64": {
      "name": "@utoo/lint-darwin-x64",
      "version": "0.2.1",
      "resolved": "https://registry.npmjs.org/@utoo/lint-darwin-x64/-/lint-darwin-x64-0.2.1.tgz",
      "integrity": "sha512-vaYuyTB5T5qlamvC7P4o3YPYUEgBj1uvdNuoSSVGUenzuJbkhortYJwiRGxrzur/IYhi2BLJRt5TVYSdC1ohJw==",
      "os": [
        "darwin"
      ],
      "cpu": [
        "x64"
      ],
      "dev": true,
      "optional": true
    },
    "node_modules/@utoo/lint-linux-arm64": {
      "name": "@utoo/lint-linux-arm64",
      "version": "0.2.1",
      "resolved": "https://registry.npmjs.org/@utoo/lint-linux-arm64/-/lint-linux-arm64-0.2.1.tgz",
      "integrity": "sha512-LpW3ndwssesRQRI/bEfggCA73rLLOQABkPF2xOf6Y8QZpU1vURam//NIdRViQwob4032uK+aoUU0MGrhWbloLQ==",
      "os": [
        "linux"
      ],
      "cpu": [
        "arm64"
      ],
      "dev": true,
      "optional": true
    },
    "node_modules/@utoo/lint-linux-x64": {
      "name": "@utoo/lint-linux-x64",
      "version": "0.2.1",
      "resolved": "https://registry.npmjs.org/@utoo/lint-linux-x64/-/lint-linux-x64-0.2.1.tgz",
      "integrity": "sha512-9zX3VoP7VcoiklxjXFuLYfnStJU6j0xeXIRbyRSnfAcO5XBHbvZL8JGkF8OkfrXh9ZQGWjBNSOrBxuvgAXALcQ==",
      "os": [
        "linux"
      ],
      "cpu": [
        "x64"
      ],
      "dev": true,
      "optional": true
    },
    "node_modules/@utoo/lint-win32-x64": {
      "name": "@utoo/lint-win32-x64",
      "version": "0.2.1",
      "resolved": "https://registry.npmjs.org/@utoo/lint-win32-x64/-/lint-win32-x64-0.2.1.tgz",
      "integrity": "sha512-7O7NZ85xk1gw2CBo3p8eOlqvPIAPArxWmxqR2asVeAGos7/Ha4qfRr5uvmgPXLVQNDPyrkt/fDzLPbI+xKrjlA==",
      "os": [
        "win32"
      ],
      "cpu": [
        "x64"
      ],
      "dev": true,
      "optional": true
    }
  }
}